
Microsoft Visual Studio Solution File, Format Version 12.00
# Visual Studio 15
VisualStudioVersion = 15.0.27130.2036
MinimumVisualStudioVersion = 10.0.40219.1
Project("{FAE04EC0-301F-11D3-BF4B-00C04F79EFBC}") = "TacticalCombatSuite", "TacticalCombatSuite\TacticalCombatSuite.csproj", "{7AF95566-0410-4604-871E-410FBCEC9785}"
EndProject
Project("{9A19103F-16F7-4668-BE54-9A1E7A4F7556}") = "Core", "Core\Core.csproj", "{F9D84864-A915-4F98-B07B-420132AB4D0B}"
EndProject
Project("{00D1A9C2-B5F0-4AF3-8072-F6C62B433612}") = "Data.Services", "Data.Services\Data.Services.sqlproj", "{A761B1E7-6952-4FE1-B3B9-2245C3F13EBF}"
EndProject
Project("{FAE04EC0-301F-11D3-BF4B-00C04F79EFBC}") = "RPG", "RPG\RPG.csproj", "{E38FEBD7-A212-49FD-817F-FD40D62AFAA2}"
EndProject
Project("{9A19103F-16F7-4668-BE54-9A1E7A4F7556}") = "RPG.Standard", "RPG.Standard\RPG.Standard.csproj", "{519A9C71-DA18-4FBE-8826-DF0BDC404DC6}"
EndProject
Project("{9A19103F-16F7-4668-BE54-9A1E7A4F7556}") = "DnD.Standard", "DnD.Standard\DnD.Standard.csproj", "{80657F8F-CE4D-439C-B7D5-6F8335A4E3B4}"
EndProject
Project("{FAE04EC0-301F-11D3-BF4B-00C04F79EFBC}") = "Data", "Data\Data.csproj", "{B0FA5A60-FA3C-4643-AEEA-CB4AA37F6621}"
EndProject
Project("{FAE04EC0-301F-11D3-BF4B-00C04F79EFBC}") = "UrhoSharp.Wpf", "UrhoSharp.Wpf\UrhoSharp.Wpf.csproj", "{9DC7E1BB-786B-41F7-A93E-8376819CF145}"
EndProject
Project("{FAE04EC0-301F-11D3-BF4B-00C04F79EFBC}") = "DnD", "DnD\DnD.csproj", "{F78B187F-16C9-4E69-8D89-649F78707FF4}"
EndProject
Project("{FAE04EC0-301F-11D3-BF4B-00C04F79EFBC}") = "TestConsole", "TestConsole\TestConsole.csproj", "{C14FF420-515E-462D-B299-76030486B375}"
EndProject
Project("{9A19103F-16F7-4668-BE54-9A1E7A4F7556}") = "RPG.Web", "RPG.Web\RPG.Web.csproj", "{CA6DA955-D882-4A69-B698-5D2FEAAD82CC}"
EndProject
Project("{FAE04EC0-301F-11D3-BF4B-00C04F79EFBC}") = "RPG.Net", "RPG.Net\RPG.Net.csproj", "{220688A4-81E0-453E-884C-D7421B51B264}"
EndProject
Global
	GlobalSection(SolutionConfigurationPlatforms) = preSolution
		Debug|Any CPU = Debug|Any CPU
		Debug|x86 = Debug|x86
		Release|Any CPU = Release|Any CPU
		Release|x86 = Release|x86
	EndGlobalSection
	GlobalSection(ProjectConfigurationPlatforms) = postSolution
		{7AF95566-0410-4604-871E-410FBCEC9785}.Debug|Any CPU.ActiveCfg = Debug|Any CPU
		{7AF95566-0410-4604-871E-410FBCEC9785}.Debug|Any CPU.Build.0 = Debug|Any CPU
		{7AF95566-0410-4604-871E-410FBCEC9785}.Debug|x86.ActiveCfg = Debug|Any CPU
		{7AF95566-0410-4604-871E-410FBCEC9785}.Debug|x86.Build.0 = Debug|Any CPU
		{7AF95566-0410-4604-871E-410FBCEC9785}.Release|Any CPU.ActiveCfg = Release|Any CPU
		{7AF95566-0410-4604-871E-410FBCEC9785}.Release|Any CPU.Build.0 = Release|Any CPU
		{7AF95566-0410-4604-871E-410FBCEC9785}.Release|x86.ActiveCfg = Release|Any CPU
		{7AF95566-0410-4604-871E-410FBCEC9785}.Release|x86.Build.0 = Release|Any CPU
		{F9D84864-A915-4F98-B07B-420132AB4D0B}.Debug|Any CPU.ActiveCfg = Debug|Any CPU
		{F9D84864-A915-4F98-B07B-420132AB4D0B}.Debug|Any CPU.Build.0 = Debug|Any CPU
		{F9D84864-A915-4F98-B07B-420132AB4D0B}.Debug|x86.ActiveCfg = Debug|Any CPU
		{F9D84864-A915-4F98-B07B-420132AB4D0B}.Debug|x86.Build.0 = Debug|Any CPU
		{F9D84864-A915-4F98-B07B-420132AB4D0B}.Release|Any CPU.ActiveCfg = Release|Any CPU
		{F9D84864-A915-4F98-B07B-420132AB4D0B}.Release|Any CPU.Build.0 = Release|Any CPU
		{F9D84864-A915-4F98-B07B-420132AB4D0B}.Release|x86.ActiveCfg = Release|Any CPU
		{F9D84864-A915-4F98-B07B-420132AB4D0B}.Release|x86.Build.0 = Release|Any CPU
		{A761B1E7-6952-4FE1-B3B9-2245C3F13EBF}.Debug|Any CPU.ActiveCfg = Debug|Any CPU
		{A761B1E7-6952-4FE1-B3B9-2245C3F13EBF}.Debug|Any CPU.Build.0 = Debug|Any CPU
		{A761B1E7-6952-4FE1-B3B9-2245C3F13EBF}.Debug|Any CPU.Deploy.0 = Debug|Any CPU
		{A761B1E7-6952-4FE1-B3B9-2245C3F13EBF}.Debug|x86.ActiveCfg = Debug|Any CPU
		{A761B1E7-6952-4FE1-B3B9-2245C3F13EBF}.Debug|x86.Build.0 = Debug|Any CPU
		{A761B1E7-6952-4FE1-B3B9-2245C3F13EBF}.Debug|x86.Deploy.0 = Debug|Any CPU
		{A761B1E7-6952-4FE1-B3B9-2245C3F13EBF}.Release|Any CPU.ActiveCfg = Release|Any CPU
		{A761B1E7-6952-4FE1-B3B9-2245C3F13EBF}.Release|Any CPU.Build.0 = Release|Any CPU
		{A761B1E7-6952-4FE1-B3B9-2245C3F13EBF}.Release|Any CPU.Deploy.0 = Release|Any CPU
		{A761B1E7-6952-4FE1-B3B9-2245C3F13EBF}.Release|x86.ActiveCfg = Release|Any CPU
		{A761B1E7-6952-4FE1-B3B9-2245C3F13EBF}.Release|x86.Build.0 = Release|Any CPU
		{A761B1E7-6952-4FE1-B3B9-2245C3F13EBF}.Release|x86.Deploy.0 = Release|Any CPU
		{E38FEBD7-A212-49FD-817F-FD40D62AFAA2}.Debug|Any CPU.ActiveCfg = Debug|Any CPU
		{E38FEBD7-A212-49FD-817F-FD40D62AFAA2}.Debug|Any CPU.Build.0 = Debug|Any CPU
		{E38FEBD7-A212-49FD-817F-FD40D62AFAA2}.Debug|x86.ActiveCfg = Debug|Any CPU
		{E38FEBD7-A212-49FD-817F-FD40D62AFAA2}.Debug|x86.Build.0 = Debug|Any CPU
		{E38FEBD7-A212-49FD-817F-FD40D62AFAA2}.Release|Any CPU.ActiveCfg = Release|Any CPU
		{E38FEBD7-A212-49FD-817F-FD40D62AFAA2}.Release|Any CPU.Build.0 = Release|Any CPU
		{E38FEBD7-A212-49FD-817F-FD40D62AFAA2}.Release|x86.ActiveCfg = Release|Any CPU
		{E38FEBD7-A212-49FD-817F-FD40D62AFAA2}.Release|x86.Build.0 = Release|Any CPU
		{519A9C71-DA18-4FBE-8826-DF0BDC404DC6}.Debug|Any CPU.ActiveCfg = Debug|Any CPU
		{519A9C71-DA18-4FBE-8826-DF0BDC404DC6}.Debug|Any CPU.Build.0 = Debug|Any CPU
		{519A9C71-DA18-4FBE-8826-DF0BDC404DC6}.Debug|x86.ActiveCfg = Debug|Any CPU
		{519A9C71-DA18-4FBE-8826-DF0BDC404DC6}.Debug|x86.Build.0 = Debug|Any CPU
		{519A9C71-DA18-4FBE-8826-DF0BDC404DC6}.Release|Any CPU.ActiveCfg = Release|Any CPU
		{519A9C71-DA18-4FBE-8826-DF0BDC404DC6}.Release|Any CPU.Build.0 = Release|Any CPU
		{519A9C71-DA18-4FBE-8826-DF0BDC404DC6}.Release|x86.ActiveCfg = Release|Any CPU
		{519A9C71-DA18-4FBE-8826-DF0BDC404DC6}.Release|x86.Build.0 = Release|Any CPU
		{80657F8F-CE4D-439C-B7D5-6F8335A4E3B4}.Debug|Any CPU.ActiveCfg = Debug|Any CPU
		{80657F8F-CE4D-439C-B7D5-6F8335A4E3B4}.Debug|Any CPU.Build.0 = Debug|Any CPU
		{80657F8F-CE4D-439C-B7D5-6F8335A4E3B4}.Debug|x86.ActiveCfg = Debug|Any CPU
		{80657F8F-CE4D-439C-B7D5-6F8335A4E3B4}.Debug|x86.Build.0 = Debug|Any CPU
		{80657F8F-CE4D-439C-B7D5-6F8335A4E3B4}.Release|Any CPU.ActiveCfg = Release|Any CPU
		{80657F8F-CE4D-439C-B7D5-6F8335A4E3B4}.Release|Any CPU.Build.0 = Release|Any CPU
		{80657F8F-CE4D-439C-B7D5-6F8335A4E3B4}.Release|x86.ActiveCfg = Release|Any CPU
		{80657F8F-CE4D-439C-B7D5-6F8335A4E3B4}.Release|x86.Build.0 = Release|Any CPU
		{B0FA5A60-FA3C-4643-AEEA-CB4AA37F6621}.Debug|Any CPU.ActiveCfg = Debug|Any CPU
		{B0FA5A60-FA3C-4643-AEEA-CB4AA37F6621}.Debug|Any CPU.Build.0 = Debug|Any CPU
		{B0FA5A60-FA3C-4643-AEEA-CB4AA37F6621}.Debug|x86.ActiveCfg = Debug|Any CPU
		{B0FA5A60-FA3C-4643-AEEA-CB4AA37F6621}.Debug|x86.Build.0 = Debug|Any CPU
		{B0FA5A60-FA3C-4643-AEEA-CB4AA37F6621}.Release|Any CPU.ActiveCfg = Release|Any CPU
		{B0FA5A60-FA3C-4643-AEEA-CB4AA37F6621}.Release|Any CPU.Build.0 = Release|Any CPU
		{B0FA5A60-FA3C-4643-AEEA-CB4AA37F6621}.Release|x86.ActiveCfg = Release|Any CPU
		{B0FA5A60-FA3C-4643-AEEA-CB4AA37F6621}.Release|x86.Build.0 = Release|Any CPU
		{9DC7E1BB-786B-41F7-A93E-8376819CF145}.Debug|Any CPU.ActiveCfg = Debug|Any CPU
		{9DC7E1BB-786B-41F7-A93E-8376819CF145}.Debug|Any CPU.Build.0 = Debug|Any CPU
		{9DC7E1BB-786B-41F7-A93E-8376819CF145}.Debug|x86.ActiveCfg = Debug|Any CPU
		{9DC7E1BB-786B-41F7-A93E-8376819CF145}.Debug|x86.Build.0 = Debug|Any CPU
		{9DC7E1BB-786B-41F7-A93E-8376819CF145}.Release|Any CPU.ActiveCfg = Release|Any CPU
		{9DC7E1BB-786B-41F7-A93E-8376819CF145}.Release|Any CPU.Build.0 = Release|Any CPU
		{9DC7E1BB-786B-41F7-A93E-8376819CF145}.Release|x86.ActiveCfg = Release|Any CPU
		{9DC7E1BB-786B-41F7-A93E-8376819CF145}.Release|x86.Build.0 = Release|Any CPU
		{F78B187F-16C9-4E69-8D89-649F78707FF4}.Debug|Any CPU.ActiveCfg = Debug|Any CPU
		{F78B187F-16C9-4E69-8D89-649F78707FF4}.Debug|Any CPU.Build.0 = Debug|Any CPU
		{F78B187F-16C9-4E69-8D89-649F78707FF4}.Debug|x86.ActiveCfg = Debug|Any CPU
		{F78B187F-16C9-4E69-8D89-649F78707FF4}.Debug|x86.Build.0 = Debug|Any CPU
		{F78B187F-16C9-4E69-8D89-649F78707FF4}.Release|Any CPU.ActiveCfg = Release|Any CPU
		{F78B187F-16C9-4E69-8D89-649F78707FF4}.Release|Any CPU.Build.0 = Release|Any CPU
		{F78B187F-16C9-4E69-8D89-649F78707FF4}.Release|x86.ActiveCfg = Release|Any CPU
		{F78B187F-16C9-4E69-8D89-649F78707FF4}.Release|x86.Build.0 = Release|Any CPU
		{C14FF420-515E-462D-B299-76030486B375}.Debug|Any CPU.ActiveCfg = Debug|Any CPU
		{C14FF420-515E-462D-B299-76030486B375}.Debug|Any CPU.Build.0 = Debug|Any CPU
		{C14FF420-515E-462D-B299-76030486B375}.Debug|x86.ActiveCfg = Debug|Any CPU
		{C14FF420-515E-462D-B299-76030486B375}.Debug|x86.Build.0 = Debug|Any CPU
		{C14FF420-515E-462D-B299-76030486B375}.Release|Any CPU.ActiveCfg = Release|Any CPU
		{C14FF420-515E-462D-B299-76030486B375}.Release|Any CPU.Build.0 = Release|Any CPU
		{C14FF420-515E-462D-B299-76030486B375}.Release|x86.ActiveCfg = Release|Any CPU
		{C14FF420-515E-462D-B299-76030486B375}.Release|x86.Build.0 = Release|Any CPU
		{CA6DA955-D882-4A69-B698-5D2FEAAD82CC}.Debug|Any CPU.ActiveCfg = Debug|Any CPU
		{CA6DA955-D882-4A69-B698-5D2FEAAD82CC}.Debug|Any CPU.Build.0 = Debug|Any CPU
		{CA6DA955-D882-4A69-B698-5D2FEAAD82CC}.Debug|x86.ActiveCfg = Debug|Any CPU
		{CA6DA955-D882-4A69-B698-5D2FEAAD82CC}.Debug|x86.Build.0 = Debug|Any CPU
		{CA6DA955-D882-4A69-B698-5D2FEAAD82CC}.Release|Any CPU.ActiveCfg = Release|Any CPU
		{CA6DA955-D882-4A69-B698-5D2FEAAD82CC}.Release|Any CPU.Build.0 = Release|Any CPU
		{CA6DA955-D882-4A69-B698-5D2FEAAD82CC}.Release|x86.ActiveCfg = Release|Any CPU
		{CA6DA955-D882-4A69-B698-5D2FEAAD82CC}.Release|x86.Build.0 = Release|Any CPU
		{220688A4-81E0-453E-884C-D7421B51B264}.Debug|Any CPU.ActiveCfg = Debug|Any CPU
		{220688A4-81E0-453E-884C-D7421B51B264}.Debug|Any CPU.Build.0 = Debug|Any CPU
		{220688A4-81E0-453E-884C-D7421B51B264}.Debug|x86.ActiveCfg = Debug|Any CPU
		{220688A4-81E0-453E-884C-D7421B51B264}.Debug|x86.Build.0 = Debug|Any CPU
		{220688A4-81E0-453E-884C-D7421B51B264}.Release|Any CPU.ActiveCfg = Release|Any CPU
		{220688A4-81E0-453E-884C-D7421B51B264}.Release|Any CPU.Build.0 = Release|Any CPU
		{220688A4-81E0-453E-884C-D7421B51B264}.Release|x86.ActiveCfg = Release|Any CPU
		{220688A4-81E0-453E-884C-D7421B51B264}.Release|x86.Build.0 = Release|Any CPU
	EndGlobalSection
	GlobalSection(SolutionProperties) = preSolution
		HideSolutionNode = FALSE
	EndGlobalSection
	GlobalSection(ExtensibilityGlobals) = postSolution
		SolutionGuid = {A85185ED-BDF0-4100-A143-A9BB4706DAFC}
	EndGlobalSection
EndGlobal
