
Microsoft Visual Studio Solution File, Format Version 12.00
# Visual Studio 15
VisualStudioVersion = 15.0.27130.2036
MinimumVisualStudioVersion = 10.0.40219.1
Project("{FAE04EC0-301F-11D3-BF4B-00C04F79EFBC}") = "Web", "Web\Web.csproj", "{2571A47E-F7C8-4E38-8E01-D6F64C91E2C4}"
EndProject
Project("{FAE04EC0-301F-11D3-BF4B-00C04F79EFBC}") = "Web.Tests", "Web.Tests\Web.Tests.csproj", "{573B0419-0C5B-4D91-85B7-908A60368BC3}"
EndProject
Project("{FAE04EC0-301F-11D3-BF4B-00C04F79EFBC}") = "TacticalCombatSuite", "TacticalCombatSuite\TacticalCombatSuite.csproj", "{7AF95566-0410-4604-871E-410FBCEC9785}"
EndProject
Project("{9A19103F-16F7-4668-BE54-9A1E7A4F7556}") = "Core", "Core\Core.csproj", "{F9D84864-A915-4F98-B07B-420132AB4D0B}"
EndProject
Project("{9A19103F-16F7-4668-BE54-9A1E7A4F7556}") = "DnD.Core", "DnDCore\DnD.Core.csproj", "{1822786E-7835-4DAE-90DA-FE4D015B5DEE}"
EndProject
Project("{9A19103F-16F7-4668-BE54-9A1E7A4F7556}") = "RPG.Core", "RPGCore\RPG.Core.csproj", "{7A782BF1-E18B-4933-B0A8-149B6AB23504}"
EndProject
Project("{00D1A9C2-B5F0-4AF3-8072-F6C62B433612}") = "Data.Services", "Data.Services\Data.Services.sqlproj", "{A761B1E7-6952-4FE1-B3B9-2245C3F13EBF}"
EndProject
Project("{FAE04EC0-301F-11D3-BF4B-00C04F79EFBC}") = "RPG", "RPG\RPG.csproj", "{E38FEBD7-A212-49FD-817F-FD40D62AFAA2}"
EndProject
Project("{9A19103F-16F7-4668-BE54-9A1E7A4F7556}") = "RPG.Standard", "RPG.Standard\RPG.Standard.csproj", "{519A9C71-DA18-4FBE-8826-DF0BDC404DC6}"
EndProject
Project("{9A19103F-16F7-4668-BE54-9A1E7A4F7556}") = "DnD.Standard", "DnD.Standard\DnD.Standard.csproj", "{80657F8F-CE4D-439C-B7D5-6F8335A4E3B4}"
EndProject
Project("{FAE04EC0-301F-11D3-BF4B-00C04F79EFBC}") = "Data", "Data\Data.csproj", "{B0FA5A60-FA3C-4643-AEEA-CB4AA37F6621}"
EndProject
Project("{FAE04EC0-301F-11D3-BF4B-00C04F79EFBC}") = "UrhoSharp.Wpf", "UrhoSharp.Wpf\UrhoSharp.Wpf.csproj", "{9DC7E1BB-786B-41F7-A93E-8376819CF145}"
EndProject
Project("{FAE04EC0-301F-11D3-BF4B-00C04F79EFBC}") = "Web.Core", "Web.Core\Web.Core.csproj", "{1143C577-D6A9-4DE2-8F33-B3343F30A8E6}"
EndProject
Global
	GlobalSection(SolutionConfigurationPlatforms) = preSolution
		Debug|Any CPU = Debug|Any CPU
		Release|Any CPU = Release|Any CPU
	EndGlobalSection
	GlobalSection(ProjectConfigurationPlatforms) = postSolution
		{2571A47E-F7C8-4E38-8E01-D6F64C91E2C4}.Debug|Any CPU.ActiveCfg = Debug|Any CPU
		{2571A47E-F7C8-4E38-8E01-D6F64C91E2C4}.Debug|Any CPU.Build.0 = Debug|Any CPU
		{2571A47E-F7C8-4E38-8E01-D6F64C91E2C4}.Release|Any CPU.ActiveCfg = Release|Any CPU
		{2571A47E-F7C8-4E38-8E01-D6F64C91E2C4}.Release|Any CPU.Build.0 = Release|Any CPU
		{573B0419-0C5B-4D91-85B7-908A60368BC3}.Debug|Any CPU.ActiveCfg = Debug|Any CPU
		{573B0419-0C5B-4D91-85B7-908A60368BC3}.Debug|Any CPU.Build.0 = Debug|Any CPU
		{573B0419-0C5B-4D91-85B7-908A60368BC3}.Release|Any CPU.ActiveCfg = Release|Any CPU
		{573B0419-0C5B-4D91-85B7-908A60368BC3}.Release|Any CPU.Build.0 = Release|Any CPU
		{7AF95566-0410-4604-871E-410FBCEC9785}.Debug|Any CPU.ActiveCfg = Debug|Any CPU
		{7AF95566-0410-4604-871E-410FBCEC9785}.Debug|Any CPU.Build.0 = Debug|Any CPU
		{7AF95566-0410-4604-871E-410FBCEC9785}.Release|Any CPU.ActiveCfg = Release|Any CPU
		{7AF95566-0410-4604-871E-410FBCEC9785}.Release|Any CPU.Build.0 = Release|Any CPU
		{F9D84864-A915-4F98-B07B-420132AB4D0B}.Debug|Any CPU.ActiveCfg = Debug|Any CPU
		{F9D84864-A915-4F98-B07B-420132AB4D0B}.Debug|Any CPU.Build.0 = Debug|Any CPU
		{F9D84864-A915-4F98-B07B-420132AB4D0B}.Release|Any CPU.ActiveCfg = Release|Any CPU
		{F9D84864-A915-4F98-B07B-420132AB4D0B}.Release|Any CPU.Build.0 = Release|Any CPU
		{1822786E-7835-4DAE-90DA-FE4D015B5DEE}.Debug|Any CPU.ActiveCfg = Debug|Any CPU
		{1822786E-7835-4DAE-90DA-FE4D015B5DEE}.Debug|Any CPU.Build.0 = Debug|Any CPU
		{1822786E-7835-4DAE-90DA-FE4D015B5DEE}.Release|Any CPU.ActiveCfg = Release|Any CPU
		{1822786E-7835-4DAE-90DA-FE4D015B5DEE}.Release|Any CPU.Build.0 = Release|Any CPU
		{7A782BF1-E18B-4933-B0A8-149B6AB23504}.Debug|Any CPU.ActiveCfg = Debug|Any CPU
		{7A782BF1-E18B-4933-B0A8-149B6AB23504}.Debug|Any CPU.Build.0 = Debug|Any CPU
		{7A782BF1-E18B-4933-B0A8-149B6AB23504}.Release|Any CPU.ActiveCfg = Release|Any CPU
		{7A782BF1-E18B-4933-B0A8-149B6AB23504}.Release|Any CPU.Build.0 = Release|Any CPU
		{A761B1E7-6952-4FE1-B3B9-2245C3F13EBF}.Debug|Any CPU.ActiveCfg = Debug|Any CPU
		{A761B1E7-6952-4FE1-B3B9-2245C3F13EBF}.Debug|Any CPU.Build.0 = Debug|Any CPU
		{A761B1E7-6952-4FE1-B3B9-2245C3F13EBF}.Debug|Any CPU.Deploy.0 = Debug|Any CPU
		{A761B1E7-6952-4FE1-B3B9-2245C3F13EBF}.Release|Any CPU.ActiveCfg = Release|Any CPU
		{A761B1E7-6952-4FE1-B3B9-2245C3F13EBF}.Release|Any CPU.Build.0 = Release|Any CPU
		{A761B1E7-6952-4FE1-B3B9-2245C3F13EBF}.Release|Any CPU.Deploy.0 = Release|Any CPU
		{E38FEBD7-A212-49FD-817F-FD40D62AFAA2}.Debug|Any CPU.ActiveCfg = Debug|Any CPU
		{E38FEBD7-A212-49FD-817F-FD40D62AFAA2}.Debug|Any CPU.Build.0 = Debug|Any CPU
		{E38FEBD7-A212-49FD-817F-FD40D62AFAA2}.Release|Any CPU.ActiveCfg = Release|Any CPU
		{E38FEBD7-A212-49FD-817F-FD40D62AFAA2}.Release|Any CPU.Build.0 = Release|Any CPU
		{519A9C71-DA18-4FBE-8826-DF0BDC404DC6}.Debug|Any CPU.ActiveCfg = Debug|Any CPU
		{519A9C71-DA18-4FBE-8826-DF0BDC404DC6}.Debug|Any CPU.Build.0 = Debug|Any CPU
		{519A9C71-DA18-4FBE-8826-DF0BDC404DC6}.Release|Any CPU.ActiveCfg = Release|Any CPU
		{519A9C71-DA18-4FBE-8826-DF0BDC404DC6}.Release|Any CPU.Build.0 = Release|Any CPU
		{80657F8F-CE4D-439C-B7D5-6F8335A4E3B4}.Debug|Any CPU.ActiveCfg = Debug|Any CPU
		{80657F8F-CE4D-439C-B7D5-6F8335A4E3B4}.Debug|Any CPU.Build.0 = Debug|Any CPU
		{80657F8F-CE4D-439C-B7D5-6F8335A4E3B4}.Release|Any CPU.ActiveCfg = Release|Any CPU
		{80657F8F-CE4D-439C-B7D5-6F8335A4E3B4}.Release|Any CPU.Build.0 = Release|Any CPU
		{B0FA5A60-FA3C-4643-AEEA-CB4AA37F6621}.Debug|Any CPU.ActiveCfg = Debug|Any CPU
		{B0FA5A60-FA3C-4643-AEEA-CB4AA37F6621}.Debug|Any CPU.Build.0 = Debug|Any CPU
		{B0FA5A60-FA3C-4643-AEEA-CB4AA37F6621}.Release|Any CPU.ActiveCfg = Release|Any CPU
		{B0FA5A60-FA3C-4643-AEEA-CB4AA37F6621}.Release|Any CPU.Build.0 = Release|Any CPU
		{9DC7E1BB-786B-41F7-A93E-8376819CF145}.Debug|Any CPU.ActiveCfg = Debug|Any CPU
		{9DC7E1BB-786B-41F7-A93E-8376819CF145}.Debug|Any CPU.Build.0 = Debug|Any CPU
		{9DC7E1BB-786B-41F7-A93E-8376819CF145}.Release|Any CPU.ActiveCfg = Release|Any CPU
		{9DC7E1BB-786B-41F7-A93E-8376819CF145}.Release|Any CPU.Build.0 = Release|Any CPU
		{1143C577-D6A9-4DE2-8F33-B3343F30A8E6}.Debug|Any CPU.ActiveCfg = Debug|Any CPU
		{1143C577-D6A9-4DE2-8F33-B3343F30A8E6}.Debug|Any CPU.Build.0 = Debug|Any CPU
		{1143C577-D6A9-4DE2-8F33-B3343F30A8E6}.Release|Any CPU.ActiveCfg = Release|Any CPU
		{1143C577-D6A9-4DE2-8F33-B3343F30A8E6}.Release|Any CPU.Build.0 = Release|Any CPU
	EndGlobalSection
	GlobalSection(SolutionProperties) = preSolution
		HideSolutionNode = FALSE
	EndGlobalSection
	GlobalSection(ExtensibilityGlobals) = postSolution
		SolutionGuid = {A85185ED-BDF0-4100-A143-A9BB4706DAFC}
	EndGlobalSection
EndGlobal
